// !$*UTF8*$!
{
	archiveVersion = 1;
	classes = {
	};
	objectVersion = 48;
	objects = {

/* Begin PBXBuildFile section */
		0DDCCC4138631BC8CE609C35 /* Pods_WhatIsThis.framework in Frameworks */ = {isa = PBXBuildFile; fileRef = D3F35A1F09C573581A071E7D /* Pods_WhatIsThis.framework */; };
		E3293E672089240400786AD9 /* WikipediaQuery.swift in Sources */ = {isa = PBXBuildFile; fileRef = E3293E662089240400786AD9 /* WikipediaQuery.swift */; };
		E32CC89A2072D5EA00424691 /* AppDelegate.swift in Sources */ = {isa = PBXBuildFile; fileRef = E32CC8992072D5EA00424691 /* AppDelegate.swift */; };
		E32CC89C2072D5EA00424691 /* MainViewController.swift in Sources */ = {isa = PBXBuildFile; fileRef = E32CC89B2072D5EA00424691 /* MainViewController.swift */; };
		E32CC8A12072D5EA00424691 /* Assets.xcassets in Resources */ = {isa = PBXBuildFile; fileRef = E32CC8A02072D5EA00424691 /* Assets.xcassets */; };
		E32DBB1C2091D0D50083E589 /* CoreMLModels.swift in Sources */ = {isa = PBXBuildFile; fileRef = E32DBB1B2091D0D50083E589 /* CoreMLModels.swift */; };
		E3308B5E20928B750004C211 /* CGImagePropertyOrientation.swift in Sources */ = {isa = PBXBuildFile; fileRef = E3308B5D20928B750004C211 /* CGImagePropertyOrientation.swift */; };
		E331162B2097DE41002E5986 /* UIColor+Hex.swift in Sources */ = {isa = PBXBuildFile; fileRef = E331162A2097DE41002E5986 /* UIColor+Hex.swift */; };
		E34F8BF12091D3B8005CA2A4 /* MobileNet.mlmodel in Sources */ = {isa = PBXBuildFile; fileRef = E34F8BEE2091D3B7005CA2A4 /* MobileNet.mlmodel */; };
		E34F8BF22091D3B8005CA2A4 /* GoogLeNetPlaces.mlmodel in Sources */ = {isa = PBXBuildFile; fileRef = E34F8BEF2091D3B7005CA2A4 /* GoogLeNetPlaces.mlmodel */; };
		E34F8BF32091D3B8005CA2A4 /* Inceptionv3.mlmodel in Sources */ = {isa = PBXBuildFile; fileRef = E34F8BF02091D3B8005CA2A4 /* Inceptionv3.mlmodel */; };
		E3502602209C3979003CF237 /* Main.storyboard in Resources */ = {isa = PBXBuildFile; fileRef = E3502601209C3979003CF237 /* Main.storyboard */; };
		E3517CE220925F5B00431EA6 /* AgeNet.mlmodel in Sources */ = {isa = PBXBuildFile; fileRef = E3517CE120925F5B00431EA6 /* AgeNet.mlmodel */; };
		E370391F2098E7F300C76B9B /* ResultLabel.swift in Sources */ = {isa = PBXBuildFile; fileRef = E370391E2098E7F300C76B9B /* ResultLabel.swift */; };
		E385D18920B60DBB006C7518 /* SettingsTableView.swift in Sources */ = {isa = PBXBuildFile; fileRef = E385D18820B60DBB006C7518 /* SettingsTableView.swift */; };
		E388D42D2083607D00EB04CE /* WikipediaQueryViewController.swift in Sources */ = {isa = PBXBuildFile; fileRef = E388D42C2083607D00EB04CE /* WikipediaQueryViewController.swift */; };
		E3A05FD720A6E069009F4404 /* QueryHistoryTableViewController.swift in Sources */ = {isa = PBXBuildFile; fileRef = E3A05FD620A6E069009F4404 /* QueryHistoryTableViewController.swift */; };
		E3C44508209EF7A2005976F3 /* SearchWikiDialogViewController.swift in Sources */ = {isa = PBXBuildFile; fileRef = E3C44506209EF7A2005976F3 /* SearchWikiDialogViewController.swift */; };
		E3C44509209EF7A2005976F3 /* SearchWikiDialogViewController.xib in Resources */ = {isa = PBXBuildFile; fileRef = E3C44507209EF7A2005976F3 /* SearchWikiDialogViewController.xib */; };
		E3C6D5CD20A799A100534507 /* SearchHistory.xcdatamodeld in Sources */ = {isa = PBXBuildFile; fileRef = E3C6D5CB20A799A100534507 /* SearchHistory.xcdatamodeld */; };
		E3C75E6920C0185800B335A2 /* CustomButton.swift in Sources */ = {isa = PBXBuildFile; fileRef = E3C75E6820C0185800B335A2 /* CustomButton.swift */; };
		E3CB7822208C015A002BF8AD /* SettingsTableTableViewController.swift in Sources */ = {isa = PBXBuildFile; fileRef = E3CB7821208C015A002BF8AD /* SettingsTableTableViewController.swift */; };
		E3D06A3C20C2845C000EB54E /* NSMutableAttributedString+Formatting.swift in Sources */ = {isa = PBXBuildFile; fileRef = E3D06A3B20C2845C000EB54E /* NSMutableAttributedString+Formatting.swift */; };
		E3DD196D20B4C519009B2435 /* HistoryTableView.swift in Sources */ = {isa = PBXBuildFile; fileRef = E3DD196C20B4C519009B2435 /* HistoryTableView.swift */; };
		E3DF26A020B179E100BD74AE /* WikipediaView.swift in Sources */ = {isa = PBXBuildFile; fileRef = E3DF269F20B179E100BD74AE /* WikipediaView.swift */; };
		E3E2AF19209D0844006EFE4F /* SpeechSynthesizer.swift in Sources */ = {isa = PBXBuildFile; fileRef = E3E2AF18209D0844006EFE4F /* SpeechSynthesizer.swift */; };
		E3E2AF1B209D8FC9006EFE4F /* MainView.swift in Sources */ = {isa = PBXBuildFile; fileRef = E3E2AF1A209D8FC9006EFE4F /* MainView.swift */; };
		E3F1FFEE20B0C58100B0A144 /* TopBar.swift in Sources */ = {isa = PBXBuildFile; fileRef = E3F1FFED20B0C58100B0A144 /* TopBar.swift */; };
		E3F5D1ED2092560600F04248 /* GenderNet.mlmodel in Sources */ = {isa = PBXBuildFile; fileRef = E3F5D1EC2092560500F04248 /* GenderNet.mlmodel */; };
		E3F8EAAF20A8336D00EDB751 /* MainTabBarController.swift in Sources */ = {isa = PBXBuildFile; fileRef = E3F8EAAE20A8336D00EDB751 /* MainTabBarController.swift */; };
		E3F8EAB120A8412C00EDB751 /* UIImage+SystemBarButtonExtraction.swift in Sources */ = {isa = PBXBuildFile; fileRef = E3F8EAB020A8412C00EDB751 /* UIImage+SystemBarButtonExtraction.swift */; };
		E3F8EAB320A8424D00EDB751 /* TabBarImages.swift in Sources */ = {isa = PBXBuildFile; fileRef = E3F8EAB220A8424D00EDB751 /* TabBarImages.swift */; };
		E3FF8AA82089E11600E930B4 /* Classifier.swift in Sources */ = {isa = PBXBuildFile; fileRef = E3FF8AA72089E11600E930B4 /* Classifier.swift */; };
/* End PBXBuildFile section */

/* Begin PBXFileReference section */
		798CD09F34ABADBC6840FD15 /* Pods-WhatIsThis.release.xcconfig */ = {isa = PBXFileReference; includeInIndex = 1; lastKnownFileType = text.xcconfig; name = "Pods-WhatIsThis.release.xcconfig"; path = "Pods/Target Support Files/Pods-WhatIsThis/Pods-WhatIsThis.release.xcconfig"; sourceTree = "<group>"; };
		94DD13190E685FE5C07E2FA8 /* Pods-WhatIsThis.debug.xcconfig */ = {isa = PBXFileReference; includeInIndex = 1; lastKnownFileType = text.xcconfig; name = "Pods-WhatIsThis.debug.xcconfig"; path = "Pods/Target Support Files/Pods-WhatIsThis/Pods-WhatIsThis.debug.xcconfig"; sourceTree = "<group>"; };
		D3F35A1F09C573581A071E7D /* Pods_WhatIsThis.framework */ = {isa = PBXFileReference; explicitFileType = wrapper.framework; includeInIndex = 0; path = Pods_WhatIsThis.framework; sourceTree = BUILT_PRODUCTS_DIR; };
		E3293E662089240400786AD9 /* WikipediaQuery.swift */ = {isa = PBXFileReference; lastKnownFileType = sourcecode.swift; path = WikipediaQuery.swift; sourceTree = "<group>"; };
		E32CC8962072D5EA00424691 /* WhatIsThis.app */ = {isa = PBXFileReference; explicitFileType = wrapper.application; includeInIndex = 0; path = WhatIsThis.app; sourceTree = BUILT_PRODUCTS_DIR; };
		E32CC8992072D5EA00424691 /* AppDelegate.swift */ = {isa = PBXFileReference; lastKnownFileType = sourcecode.swift; path = AppDelegate.swift; sourceTree = "<group>"; };
		E32CC89B2072D5EA00424691 /* MainViewController.swift */ = {isa = PBXFileReference; lastKnownFileType = sourcecode.swift; path = MainViewController.swift; sourceTree = "<group>"; };
		E32CC8A02072D5EA00424691 /* Assets.xcassets */ = {isa = PBXFileReference; lastKnownFileType = folder.assetcatalog; path = Assets.xcassets; sourceTree = "<group>"; };
		E32CC8A52072D5EA00424691 /* Info.plist */ = {isa = PBXFileReference; lastKnownFileType = text.plist.xml; path = Info.plist; sourceTree = "<group>"; };
		E32DBB1B2091D0D50083E589 /* CoreMLModels.swift */ = {isa = PBXFileReference; lastKnownFileType = sourcecode.swift; path = CoreMLModels.swift; sourceTree = "<group>"; };
		E3308B5D20928B750004C211 /* CGImagePropertyOrientation.swift */ = {isa = PBXFileReference; lastKnownFileType = sourcecode.swift; path = CGImagePropertyOrientation.swift; sourceTree = "<group>"; };
		E331162A2097DE41002E5986 /* UIColor+Hex.swift */ = {isa = PBXFileReference; lastKnownFileType = sourcecode.swift; path = "UIColor+Hex.swift"; sourceTree = "<group>"; };
		E34F8BEE2091D3B7005CA2A4 /* MobileNet.mlmodel */ = {isa = PBXFileReference; lastKnownFileType = file.mlmodel; path = MobileNet.mlmodel; sourceTree = "<group>"; };
		E34F8BEF2091D3B7005CA2A4 /* GoogLeNetPlaces.mlmodel */ = {isa = PBXFileReference; lastKnownFileType = file.mlmodel; path = GoogLeNetPlaces.mlmodel; sourceTree = "<group>"; };
		E34F8BF02091D3B8005CA2A4 /* Inceptionv3.mlmodel */ = {isa = PBXFileReference; lastKnownFileType = file.mlmodel; path = Inceptionv3.mlmodel; sourceTree = "<group>"; };
		E3502601209C3979003CF237 /* Main.storyboard */ = {isa = PBXFileReference; fileEncoding = 4; lastKnownFileType = file.storyboard; path = Main.storyboard; sourceTree = "<group>"; };
		E3517CE120925F5B00431EA6 /* AgeNet.mlmodel */ = {isa = PBXFileReference; lastKnownFileType = file.mlmodel; path = AgeNet.mlmodel; sourceTree = "<group>"; };
		E370391E2098E7F300C76B9B /* ResultLabel.swift */ = {isa = PBXFileReference; lastKnownFileType = sourcecode.swift; path = ResultLabel.swift; sourceTree = "<group>"; };
		E385D18820B60DBB006C7518 /* SettingsTableView.swift */ = {isa = PBXFileReference; lastKnownFileType = sourcecode.swift; path = SettingsTableView.swift; sourceTree = "<group>"; };
		E388D42C2083607D00EB04CE /* WikipediaQueryViewController.swift */ = {isa = PBXFileReference; lastKnownFileType = sourcecode.swift; path = WikipediaQueryViewController.swift; sourceTree = "<group>"; };
		E3A05FD620A6E069009F4404 /* QueryHistoryTableViewController.swift */ = {isa = PBXFileReference; lastKnownFileType = sourcecode.swift; path = QueryHistoryTableViewController.swift; sourceTree = "<group>"; };
		E3C44506209EF7A2005976F3 /* SearchWikiDialogViewController.swift */ = {isa = PBXFileReference; lastKnownFileType = sourcecode.swift; path = SearchWikiDialogViewController.swift; sourceTree = "<group>"; };
		E3C44507209EF7A2005976F3 /* SearchWikiDialogViewController.xib */ = {isa = PBXFileReference; lastKnownFileType = file.xib; path = SearchWikiDialogViewController.xib; sourceTree = "<group>"; };
		E3C6D5CC20A799A100534507 /* SearchHistory.xcdatamodel */ = {isa = PBXFileReference; lastKnownFileType = wrapper.xcdatamodel; path = SearchHistory.xcdatamodel; sourceTree = "<group>"; };
		E3C75E6820C0185800B335A2 /* CustomButton.swift */ = {isa = PBXFileReference; lastKnownFileType = sourcecode.swift; path = CustomButton.swift; sourceTree = "<group>"; };
		E3CB7821208C015A002BF8AD /* SettingsTableTableViewController.swift */ = {isa = PBXFileReference; lastKnownFileType = sourcecode.swift; path = SettingsTableTableViewController.swift; sourceTree = "<group>"; };
		E3D06A3B20C2845C000EB54E /* NSMutableAttributedString+Formatting.swift */ = {isa = PBXFileReference; lastKnownFileType = sourcecode.swift; path = "NSMutableAttributedString+Formatting.swift"; sourceTree = "<group>"; };
		E3DD196C20B4C519009B2435 /* HistoryTableView.swift */ = {isa = PBXFileReference; lastKnownFileType = sourcecode.swift; path = HistoryTableView.swift; sourceTree = "<group>"; };
		E3DF269F20B179E100BD74AE /* WikipediaView.swift */ = {isa = PBXFileReference; lastKnownFileType = sourcecode.swift; path = WikipediaView.swift; sourceTree = "<group>"; };
		E3E2AF18209D0844006EFE4F /* SpeechSynthesizer.swift */ = {isa = PBXFileReference; lastKnownFileType = sourcecode.swift; path = SpeechSynthesizer.swift; sourceTree = "<group>"; };
		E3E2AF1A209D8FC9006EFE4F /* MainView.swift */ = {isa = PBXFileReference; lastKnownFileType = sourcecode.swift; path = MainView.swift; sourceTree = "<group>"; };
		E3F1FFED20B0C58100B0A144 /* TopBar.swift */ = {isa = PBXFileReference; lastKnownFileType = sourcecode.swift; path = TopBar.swift; sourceTree = "<group>"; };
		E3F5D1EC2092560500F04248 /* GenderNet.mlmodel */ = {isa = PBXFileReference; lastKnownFileType = file.mlmodel; path = GenderNet.mlmodel; sourceTree = "<group>"; };
		E3F8EAAE20A8336D00EDB751 /* MainTabBarController.swift */ = {isa = PBXFileReference; lastKnownFileType = sourcecode.swift; path = MainTabBarController.swift; sourceTree = "<group>"; };
		E3F8EAB020A8412C00EDB751 /* UIImage+SystemBarButtonExtraction.swift */ = {isa = PBXFileReference; lastKnownFileType = sourcecode.swift; path = "UIImage+SystemBarButtonExtraction.swift"; sourceTree = "<group>"; };
		E3F8EAB220A8424D00EDB751 /* TabBarImages.swift */ = {isa = PBXFileReference; lastKnownFileType = sourcecode.swift; path = TabBarImages.swift; sourceTree = "<group>"; };
		E3FF8AA72089E11600E930B4 /* Classifier.swift */ = {isa = PBXFileReference; lastKnownFileType = sourcecode.swift; path = Classifier.swift; sourceTree = "<group>"; };
/* End PBXFileReference section */

/* Begin PBXFrameworksBuildPhase section */
		E32CC8932072D5EA00424691 /* Frameworks */ = {
			isa = PBXFrameworksBuildPhase;
			buildActionMask = 2147483647;
			files = (
				0DDCCC4138631BC8CE609C35 /* Pods_WhatIsThis.framework in Frameworks */,
			);
			runOnlyForDeploymentPostprocessing = 0;
		};
/* End PBXFrameworksBuildPhase section */

/* Begin PBXGroup section */
		1C25A01C699F3E5FFE1AED3D /* Frameworks */ = {
			isa = PBXGroup;
			children = (
				D3F35A1F09C573581A071E7D /* Pods_WhatIsThis.framework */,
			);
			name = Frameworks;
			sourceTree = "<group>";
		};
		B3BF5110D645B34BBB271858 /* Pods */ = {
			isa = PBXGroup;
			children = (
				94DD13190E685FE5C07E2FA8 /* Pods-WhatIsThis.debug.xcconfig */,
				798CD09F34ABADBC6840FD15 /* Pods-WhatIsThis.release.xcconfig */,
			);
			name = Pods;
			sourceTree = "<group>";
		};
		E329106B208A7F1800C5B962 /* Controller */ = {
			isa = PBXGroup;
			children = (
				E3F8EAAE20A8336D00EDB751 /* MainTabBarController.swift */,
				E32CC89B2072D5EA00424691 /* MainViewController.swift */,
				E388D42C2083607D00EB04CE /* WikipediaQueryViewController.swift */,
				E3A05FD620A6E069009F4404 /* QueryHistoryTableViewController.swift */,
				E3CB7821208C015A002BF8AD /* SettingsTableTableViewController.swift */,
			);
			path = Controller;
			sourceTree = "<group>";
		};
		E329106C208A7F2C00C5B962 /* View */ = {
			isa = PBXGroup;
			children = (
				E3E2AF1A209D8FC9006EFE4F /* MainView.swift */,
				E3DF269F20B179E100BD74AE /* WikipediaView.swift */,
				E3DD196C20B4C519009B2435 /* HistoryTableView.swift */,
				E385D18820B60DBB006C7518 /* SettingsTableView.swift */,
				E3502601209C3979003CF237 /* Main.storyboard */,
				E32CC8A02072D5EA00424691 /* Assets.xcassets */,
				E3C75E6820C0185800B335A2 /* CustomButton.swift */,
				E370391E2098E7F300C76B9B /* ResultLabel.swift */,
				E3C44506209EF7A2005976F3 /* SearchWikiDialogViewController.swift */,
				E3C44507209EF7A2005976F3 /* SearchWikiDialogViewController.xib */,
				E3F8EAB220A8424D00EDB751 /* TabBarImages.swift */,
				E3F1FFED20B0C58100B0A144 /* TopBar.swift */,
			);
			path = View;
			sourceTree = "<group>";
		};
		E329106D208A7F3E00C5B962 /* Support Files */ = {
			isa = PBXGroup;
			children = (
				E32CC8992072D5EA00424691 /* AppDelegate.swift */,
				E32CC8A52072D5EA00424691 /* Info.plist */,
			);
			path = "Support Files";
			sourceTree = "<group>";
		};
		E3293E68208951D500786AD9 /* Model */ = {
			isa = PBXGroup;
			children = (
				E3FF8AA72089E11600E930B4 /* Classifier.swift */,
				E3293E662089240400786AD9 /* WikipediaQuery.swift */,
				E32DBB1B2091D0D50083E589 /* CoreMLModels.swift */,
				E3E2AF18209D0844006EFE4F /* SpeechSynthesizer.swift */,
				E3C6D5CB20A799A100534507 /* SearchHistory.xcdatamodeld */,
			);
			path = Model;
			sourceTree = "<group>";
		};
		E32CC88D2072D5EA00424691 = {
			isa = PBXGroup;
			children = (
				E32CC8982072D5EA00424691 /* WhatIsThis */,
				E32CC8972072D5EA00424691 /* Products */,
				B3BF5110D645B34BBB271858 /* Pods */,
				1C25A01C699F3E5FFE1AED3D /* Frameworks */,
			);
			sourceTree = "<group>";
		};
		E32CC8972072D5EA00424691 /* Products */ = {
			isa = PBXGroup;
			children = (
				E32CC8962072D5EA00424691 /* WhatIsThis.app */,
			);
			name = Products;
			sourceTree = "<group>";
		};
		E32CC8982072D5EA00424691 /* WhatIsThis */ = {
			isa = PBXGroup;
			children = (
				E3293E68208951D500786AD9 /* Model */,
				E329106C208A7F2C00C5B962 /* View */,
				E329106B208A7F1800C5B962 /* Controller */,
				E3308B5F20928B980004C211 /* Extension */,
				E32DBB162091C8220083E589 /* CoreML Models */,
				E329106D208A7F3E00C5B962 /* Support Files */,
			);
			path = WhatIsThis;
			sourceTree = "<group>";
		};
		E32DBB162091C8220083E589 /* CoreML Models */ = {
			isa = PBXGroup;
			children = (
				E34F8BEE2091D3B7005CA2A4 /* MobileNet.mlmodel */,
				E34F8BEF2091D3B7005CA2A4 /* GoogLeNetPlaces.mlmodel */,
				E34F8BF02091D3B8005CA2A4 /* Inceptionv3.mlmodel */,
				E3F5D1EC2092560500F04248 /* GenderNet.mlmodel */,
				E3517CE120925F5B00431EA6 /* AgeNet.mlmodel */,
			);
			path = "CoreML Models";
			sourceTree = "<group>";
		};
		E3308B5F20928B980004C211 /* Extension */ = {
			isa = PBXGroup;
			children = (
				E3308B5D20928B750004C211 /* CGImagePropertyOrientation.swift */,
				E331162A2097DE41002E5986 /* UIColor+Hex.swift */,
				E3F8EAB020A8412C00EDB751 /* UIImage+SystemBarButtonExtraction.swift */,
				E3D06A3B20C2845C000EB54E /* NSMutableAttributedString+Formatting.swift */,
			);
			path = Extension;
			sourceTree = "<group>";
		};
/* End PBXGroup section */

/* Begin PBXNativeTarget section */
		E32CC8952072D5EA00424691 /* WhatIsThis */ = {
			isa = PBXNativeTarget;
			buildConfigurationList = E32CC8A82072D5EA00424691 /* Build configuration list for PBXNativeTarget "WhatIsThis" */;
			buildPhases = (
				B1B4184AF13FFEE7E3DE55B7 /* [CP] Check Pods Manifest.lock */,
				E32CC8922072D5EA00424691 /* Sources */,
				E32CC8932072D5EA00424691 /* Frameworks */,
				E32CC8942072D5EA00424691 /* Resources */,
				0670C336A84B315E66146455 /* [CP] Embed Pods Frameworks */,
				40CE063C62EE26E938B4ED2E /* [CP] Copy Pods Resources */,
			);
			buildRules = (
			);
			dependencies = (
			);
			name = WhatIsThis;
			productName = WhatIsThis;
			productReference = E32CC8962072D5EA00424691 /* WhatIsThis.app */;
			productType = "com.apple.product-type.application";
		};
/* End PBXNativeTarget section */

/* Begin PBXProject section */
		E32CC88E2072D5EA00424691 /* Project object */ = {
			isa = PBXProject;
			attributes = {
				LastSwiftUpdateCheck = 0920;
				LastUpgradeCheck = 0930;
				ORGANIZATIONNAME = NVT;
				TargetAttributes = {
					E32CC8952072D5EA00424691 = {
						CreatedOnToolsVersion = 9.2;
						ProvisioningStyle = Automatic;
					};
				};
			};
			buildConfigurationList = E32CC8912072D5EA00424691 /* Build configuration list for PBXProject "WhatIsThis" */;
			compatibilityVersion = "Xcode 8.0";
			developmentRegion = en;
			hasScannedForEncodings = 0;
			knownRegions = (
				en,
				Base,
			);
			mainGroup = E32CC88D2072D5EA00424691;
			productRefGroup = E32CC8972072D5EA00424691 /* Products */;
			projectDirPath = "";
			projectRoot = "";
			targets = (
				E32CC8952072D5EA00424691 /* WhatIsThis */,
			);
		};
/* End PBXProject section */

/* Begin PBXResourcesBuildPhase section */
		E32CC8942072D5EA00424691 /* Resources */ = {
			isa = PBXResourcesBuildPhase;
			buildActionMask = 2147483647;
			files = (
				E3C44509209EF7A2005976F3 /* SearchWikiDialogViewController.xib in Resources */,
				E3502602209C3979003CF237 /* Main.storyboard in Resources */,
				E32CC8A12072D5EA00424691 /* Assets.xcassets in Resources */,
			);
			runOnlyForDeploymentPostprocessing = 0;
		};
/* End PBXResourcesBuildPhase section */

/* Begin PBXShellScriptBuildPhase section */
		0670C336A84B315E66146455 /* [CP] Embed Pods Frameworks */ = {
			isa = PBXShellScriptBuildPhase;
			buildActionMask = 2147483647;
			files = (
			);
			inputPaths = (
				"${SRCROOT}/Pods/Target Support Files/Pods-WhatIsThis/Pods-WhatIsThis-frameworks.sh",
				"${BUILT_PRODUCTS_DIR}/Alamofire/Alamofire.framework",
				"${BUILT_PRODUCTS_DIR}/DynamicBlurView/DynamicBlurView.framework",
				"${BUILT_PRODUCTS_DIR}/JGProgressHUD/JGProgressHUD.framework",
				"${BUILT_PRODUCTS_DIR}/PopupDialog/PopupDialog.framework",
				"${BUILT_PRODUCTS_DIR}/RxSwift/RxSwift.framework",
				"${BUILT_PRODUCTS_DIR}/SnapKit/SnapKit.framework",
				"${BUILT_PRODUCTS_DIR}/SwiftRichString/SwiftRichString.framework",
				"${BUILT_PRODUCTS_DIR}/SwiftyJSON/SwiftyJSON.framework",
			);
			name = "[CP] Embed Pods Frameworks";
			outputPaths = (
				"${TARGET_BUILD_DIR}/${FRAMEWORKS_FOLDER_PATH}/Alamofire.framework",
				"${TARGET_BUILD_DIR}/${FRAMEWORKS_FOLDER_PATH}/DynamicBlurView.framework",
				"${TARGET_BUILD_DIR}/${FRAMEWORKS_FOLDER_PATH}/JGProgressHUD.framework",
				"${TARGET_BUILD_DIR}/${FRAMEWORKS_FOLDER_PATH}/PopupDialog.framework",
				"${TARGET_BUILD_DIR}/${FRAMEWORKS_FOLDER_PATH}/RxSwift.framework",
				"${TARGET_BUILD_DIR}/${FRAMEWORKS_FOLDER_PATH}/SnapKit.framework",
				"${TARGET_BUILD_DIR}/${FRAMEWORKS_FOLDER_PATH}/SwiftRichString.framework",
				"${TARGET_BUILD_DIR}/${FRAMEWORKS_FOLDER_PATH}/SwiftyJSON.framework",
			);
			runOnlyForDeploymentPostprocessing = 0;
			shellPath = /bin/sh;
			shellScript = "\"${SRCROOT}/Pods/Target Support Files/Pods-WhatIsThis/Pods-WhatIsThis-frameworks.sh\"\n";
			showEnvVarsInLog = 0;
		};
		40CE063C62EE26E938B4ED2E /* [CP] Copy Pods Resources */ = {
			isa = PBXShellScriptBuildPhase;
			buildActionMask = 2147483647;
			files = (
			);
			inputPaths = (
			);
			name = "[CP] Copy Pods Resources";
			outputPaths = (
			);
			runOnlyForDeploymentPostprocessing = 0;
			shellPath = /bin/sh;
			shellScript = "\"${SRCROOT}/Pods/Target Support Files/Pods-WhatIsThis/Pods-WhatIsThis-resources.sh\"\n";
			showEnvVarsInLog = 0;
		};
		B1B4184AF13FFEE7E3DE55B7 /* [CP] Check Pods Manifest.lock */ = {
			isa = PBXShellScriptBuildPhase;
			buildActionMask = 2147483647;
			files = (
			);
			inputPaths = (
				"${PODS_PODFILE_DIR_PATH}/Podfile.lock",
				"${PODS_ROOT}/Manifest.lock",
			);
			name = "[CP] Check Pods Manifest.lock";
			outputPaths = (
				"$(DERIVED_FILE_DIR)/Pods-WhatIsThis-checkManifestLockResult.txt",
			);
			runOnlyForDeploymentPostprocessing = 0;
			shellPath = /bin/sh;
			shellScript = "diff \"${PODS_PODFILE_DIR_PATH}/Podfile.lock\" \"${PODS_ROOT}/Manifest.lock\" > /dev/null\nif [ $? != 0 ] ; then\n    # print error to STDERR\n    echo \"error: The sandbox is not in sync with the Podfile.lock. Run 'pod install' or update your CocoaPods installation.\" >&2\n    exit 1\nfi\n# This output is used by Xcode 'outputs' to avoid re-running this script phase.\necho \"SUCCESS\" > \"${SCRIPT_OUTPUT_FILE_0}\"\n";
			showEnvVarsInLog = 0;
		};
/* End PBXShellScriptBuildPhase section */

/* Begin PBXSourcesBuildPhase section */
		E32CC8922072D5EA00424691 /* Sources */ = {
			isa = PBXSourcesBuildPhase;
			buildActionMask = 2147483647;
			files = (
				E3D06A3C20C2845C000EB54E /* NSMutableAttributedString+Formatting.swift in Sources */,
				E3DF26A020B179E100BD74AE /* WikipediaView.swift in Sources */,
				E3C6D5CD20A799A100534507 /* SearchHistory.xcdatamodeld in Sources */,
				E34F8BF32091D3B8005CA2A4 /* Inceptionv3.mlmodel in Sources */,
				E3F8EAAF20A8336D00EDB751 /* MainTabBarController.swift in Sources */,
				E3293E672089240400786AD9 /* WikipediaQuery.swift in Sources */,
				E34F8BF22091D3B8005CA2A4 /* GoogLeNetPlaces.mlmodel in Sources */,
				E3CB7822208C015A002BF8AD /* SettingsTableTableViewController.swift in Sources */,
				E3DD196D20B4C519009B2435 /* HistoryTableView.swift in Sources */,
				E3A05FD720A6E069009F4404 /* QueryHistoryTableViewController.swift in Sources */,
				E3E2AF1B209D8FC9006EFE4F /* MainView.swift in Sources */,
				E331162B2097DE41002E5986 /* UIColor+Hex.swift in Sources */,
				E3C44508209EF7A2005976F3 /* SearchWikiDialogViewController.swift in Sources */,
				E34F8BF12091D3B8005CA2A4 /* MobileNet.mlmodel in Sources */,
				E3C75E6920C0185800B335A2 /* CustomButton.swift in Sources */,
				E32DBB1C2091D0D50083E589 /* CoreMLModels.swift in Sources */,
				E3E2AF19209D0844006EFE4F /* SpeechSynthesizer.swift in Sources */,
				E3308B5E20928B750004C211 /* CGImagePropertyOrientation.swift in Sources */,
				E3F1FFEE20B0C58100B0A144 /* TopBar.swift in Sources */,
				E32CC89C2072D5EA00424691 /* MainViewController.swift in Sources */,
				E32CC89A2072D5EA00424691 /* AppDelegate.swift in Sources */,
				E3F8EAB120A8412C00EDB751 /* UIImage+SystemBarButtonExtraction.swift in Sources */,
				E3F5D1ED2092560600F04248 /* GenderNet.mlmodel in Sources */,
				E3FF8AA82089E11600E930B4 /* Classifier.swift in Sources */,
				E3517CE220925F5B00431EA6 /* AgeNet.mlmodel in Sources */,
				E3F8EAB320A8424D00EDB751 /* TabBarImages.swift in Sources */,
				E370391F2098E7F300C76B9B /* ResultLabel.swift in Sources */,
				E385D18920B60DBB006C7518 /* SettingsTableView.swift in Sources */,
				E388D42D2083607D00EB04CE /* WikipediaQueryViewController.swift in Sources */,
			);
			runOnlyForDeploymentPostprocessing = 0;
		};
/* End PBXSourcesBuildPhase section */

/* Begin XCBuildConfiguration section */
		E32CC8A62072D5EA00424691 /* Debug */ = {
			isa = XCBuildConfiguration;
			buildSettings = {
				ALWAYS_SEARCH_USER_PATHS = NO;
				CLANG_ANALYZER_NONNULL = YES;
				CLANG_ANALYZER_NUMBER_OBJECT_CONVERSION = YES_AGGRESSIVE;
				CLANG_CXX_LANGUAGE_STANDARD = "gnu++14";
				CLANG_CXX_LIBRARY = "libc++";
				CLANG_ENABLE_MODULES = YES;
				CLANG_ENABLE_OBJC_ARC = YES;
				CLANG_WARN_BLOCK_CAPTURE_AUTORELEASING = YES;
				CLANG_WARN_BOOL_CONVERSION = YES;
				CLANG_WARN_COMMA = YES;
				CLANG_WARN_CONSTANT_CONVERSION = YES;
				CLANG_WARN_DEPRECATED_OBJC_IMPLEMENTATIONS = YES;
				CLANG_WARN_DIRECT_OBJC_ISA_USAGE = YES_ERROR;
				CLANG_WARN_DOCUMENTATION_COMMENTS = YES;
				CLANG_WARN_EMPTY_BODY = YES;
				CLANG_WARN_ENUM_CONVERSION = YES;
				CLANG_WARN_INFINITE_RECURSION = YES;
				CLANG_WARN_INT_CONVERSION = YES;
				CLANG_WARN_NON_LITERAL_NULL_CONVERSION = YES;
				CLANG_WARN_OBJC_IMPLICIT_RETAIN_SELF = YES;
				CLANG_WARN_OBJC_LITERAL_CONVERSION = YES;
				CLANG_WARN_OBJC_ROOT_CLASS = YES_ERROR;
				CLANG_WARN_RANGE_LOOP_ANALYSIS = YES;
				CLANG_WARN_STRICT_PROTOTYPES = YES;
				CLANG_WARN_SUSPICIOUS_MOVE = YES;
				CLANG_WARN_UNGUARDED_AVAILABILITY = YES_AGGRESSIVE;
				CLANG_WARN_UNREACHABLE_CODE = YES;
				CLANG_WARN__DUPLICATE_METHOD_MATCH = YES;
				CODE_SIGN_IDENTITY = "iPhone Developer";
				COPY_PHASE_STRIP = NO;
				DEBUG_INFORMATION_FORMAT = dwarf;
				ENABLE_STRICT_OBJC_MSGSEND = YES;
				ENABLE_TESTABILITY = YES;
				GCC_C_LANGUAGE_STANDARD = gnu11;
				GCC_DYNAMIC_NO_PIC = NO;
				GCC_NO_COMMON_BLOCKS = YES;
				GCC_OPTIMIZATION_LEVEL = 0;
				GCC_PREPROCESSOR_DEFINITIONS = (
					"DEBUG=1",
					"$(inherited)",
				);
				GCC_WARN_64_TO_32_BIT_CONVERSION = YES;
				GCC_WARN_ABOUT_RETURN_TYPE = YES_ERROR;
				GCC_WARN_UNDECLARED_SELECTOR = YES;
				GCC_WARN_UNINITIALIZED_AUTOS = YES_AGGRESSIVE;
				GCC_WARN_UNUSED_FUNCTION = YES;
				GCC_WARN_UNUSED_VARIABLE = YES;
				IPHONEOS_DEPLOYMENT_TARGET = 11.2;
				MTL_ENABLE_DEBUG_INFO = YES;
				ONLY_ACTIVE_ARCH = YES;
				SDKROOT = iphoneos;
				SWIFT_ACTIVE_COMPILATION_CONDITIONS = DEBUG;
				SWIFT_OPTIMIZATION_LEVEL = "-Onone";
			};
			name = Debug;
		};
		E32CC8A72072D5EA00424691 /* Release */ = {
			isa = XCBuildConfiguration;
			buildSettings = {
				ALWAYS_SEARCH_USER_PATHS = NO;
				CLANG_ANALYZER_NONNULL = YES;
				CLANG_ANALYZER_NUMBER_OBJECT_CONVERSION = YES_AGGRESSIVE;
				CLANG_CXX_LANGUAGE_STANDARD = "gnu++14";
				CLANG_CXX_LIBRARY = "libc++";
				CLANG_ENABLE_MODULES = YES;
				CLANG_ENABLE_OBJC_ARC = YES;
				CLANG_WARN_BLOCK_CAPTURE_AUTORELEASING = YES;
				CLANG_WARN_BOOL_CONVERSION = YES;
				CLANG_WARN_COMMA = YES;
				CLANG_WARN_CONSTANT_CONVERSION = YES;
				CLANG_WARN_DEPRECATED_OBJC_IMPLEMENTATIONS = YES;
				CLANG_WARN_DIRECT_OBJC_ISA_USAGE = YES_ERROR;
				CLANG_WARN_DOCUMENTATION_COMMENTS = YES;
				CLANG_WARN_EMPTY_BODY = YES;
				CLANG_WARN_ENUM_CONVERSION = YES;
				CLANG_WARN_INFINITE_RECURSION = YES;
				CLANG_WARN_INT_CONVERSION = YES;
				CLANG_WARN_NON_LITERAL_NULL_CONVERSION = YES;
				CLANG_WARN_OBJC_IMPLICIT_RETAIN_SELF = YES;
				CLANG_WARN_OBJC_LITERAL_CONVERSION = YES;
				CLANG_WARN_OBJC_ROOT_CLASS = YES_ERROR;
				CLANG_WARN_RANGE_LOOP_ANALYSIS = YES;
				CLANG_WARN_STRICT_PROTOTYPES = YES;
				CLANG_WARN_SUSPICIOUS_MOVE = YES;
				CLANG_WARN_UNGUARDED_AVAILABILITY = YES_AGGRESSIVE;
				CLANG_WARN_UNREACHABLE_CODE = YES;
				CLANG_WARN__DUPLICATE_METHOD_MATCH = YES;
				CODE_SIGN_IDENTITY = "iPhone Developer";
				COPY_PHASE_STRIP = NO;
				DEBUG_INFORMATION_FORMAT = "dwarf-with-dsym";
				ENABLE_NS_ASSERTIONS = NO;
				ENABLE_STRICT_OBJC_MSGSEND = YES;
				GCC_C_LANGUAGE_STANDARD = gnu11;
				GCC_NO_COMMON_BLOCKS = YES;
				GCC_WARN_64_TO_32_BIT_CONVERSION = YES;
				GCC_WARN_ABOUT_RETURN_TYPE = YES_ERROR;
				GCC_WARN_UNDECLARED_SELECTOR = YES;
				GCC_WARN_UNINITIALIZED_AUTOS = YES_AGGRESSIVE;
				GCC_WARN_UNUSED_FUNCTION = YES;
				GCC_WARN_UNUSED_VARIABLE = YES;
				IPHONEOS_DEPLOYMENT_TARGET = 11.2;
				MTL_ENABLE_DEBUG_INFO = NO;
				SDKROOT = iphoneos;
				SWIFT_OPTIMIZATION_LEVEL = "-Owholemodule";
				VALIDATE_PRODUCT = YES;
			};
			name = Release;
		};
		E32CC8A92072D5EA00424691 /* Debug */ = {
			isa = XCBuildConfiguration;
			baseConfigurationReference = 94DD13190E685FE5C07E2FA8 /* Pods-WhatIsThis.debug.xcconfig */;
			buildSettings = {
				ASSETCATALOG_COMPILER_APPICON_NAME = AppIcon;
				CODE_SIGN_STYLE = Automatic;
				DEVELOPMENT_TEAM = 68DB4QGQ33;
				INFOPLIST_FILE = "$(SRCROOT)/WhatIsThis/Support Files/Info.plist";
				LD_RUNPATH_SEARCH_PATHS = "$(inherited) @executable_path/Frameworks";
				PRODUCT_BUNDLE_IDENTIFIER = com.nvt.WhatIsThis;
				PRODUCT_NAME = "$(TARGET_NAME)";
				SWIFT_VERSION = 4.0;
				TARGETED_DEVICE_FAMILY = "1,2";
			};
			name = Debug;
		};
		E32CC8AA2072D5EA00424691 /* Release */ = {
			isa = XCBuildConfiguration;
			baseConfigurationReference = 798CD09F34ABADBC6840FD15 /* Pods-WhatIsThis.release.xcconfig */;
			buildSettings = {
				ASSETCATALOG_COMPILER_APPICON_NAME = AppIcon;
				CODE_SIGN_STYLE = Automatic;
				DEVELOPMENT_TEAM = 68DB4QGQ33;
				INFOPLIST_FILE = "$(SRCROOT)/WhatIsThis/Support Files/Info.plist";
				LD_RUNPATH_SEARCH_PATHS = "$(inherited) @executable_path/Frameworks";
				PRODUCT_BUNDLE_IDENTIFIER = com.nvt.WhatIsThis;
				PRODUCT_NAME = "$(TARGET_NAME)";
				SWIFT_VERSION = 4.0;
				TARGETED_DEVICE_FAMILY = "1,2";
			};
			name = Release;
		};
/* End XCBuildConfiguration section */

/* Begin XCConfigurationList section */
		E32CC8912072D5EA00424691 /* Build configuration list for PBXProject "WhatIsThis" */ = {
			isa = XCConfigurationList;
			buildConfigurations = (
				E32CC8A62072D5EA00424691 /* Debug */,
				E32CC8A72072D5EA00424691 /* Release */,
			);
			defaultConfigurationIsVisible = 0;
			defaultConfigurationName = Release;
		};
		E32CC8A82072D5EA00424691 /* Build configuration list for PBXNativeTarget "WhatIsThis" */ = {
			isa = XCConfigurationList;
			buildConfigurations = (
				E32CC8A92072D5EA00424691 /* Debug */,
				E32CC8AA2072D5EA00424691 /* Release */,
			);
			defaultConfigurationIsVisible = 0;
			defaultConfigurationName = Release;
		};
/* End XCConfigurationList section */

/* Begin XCVersionGroup section */
		E3C6D5CB20A799A100534507 /* SearchHistory.xcdatamodeld */ = {
			isa = XCVersionGroup;
			children = (
				E3C6D5CC20A799A100534507 /* SearchHistory.xcdatamodel */,
			);
			currentVersion = E3C6D5CC20A799A100534507 /* SearchHistory.xcdatamodel */;
			path = SearchHistory.xcdatamodeld;
			sourceTree = "<group>";
			versionGroupType = wrapper.xcdatamodel;
		};
/* End XCVersionGroup section */
	};
	rootObject = E32CC88E2072D5EA00424691 /* Project object */;
}
